version = 1
requires-python = ">=3.8"
resolution-markers = [
    "python_full_version >= '3.9'",
    "python_full_version < '3.9'",
]

[[package]]
name = "awscrt"
version = "0.23.6"
source = { registry = "https://pypi.org/simple" }
sdist = { url = "https://files.pythonhosted.org/packages/5e/8a/26cc74510b9745a2983e8b425bc7a4352b08517fc67b1601a5316934a8dc/awscrt-0.23.6.tar.gz", hash = "sha256:14c4f81344ec79771c9aa93800594296ee7eaa49db0fb9fd15ab662a21fadf8a", size = 72529450 }
wheels = [
    { url = "https://files.pythonhosted.org/packages/be/1b/45aad0571d6373a11482e7f2a401eebdf29b26f0ca52568c792e462e3607/awscrt-0.23.6-cp310-cp310-macosx_10_9_universal2.whl", hash = "sha256:31c2c1c1327d72dbbcb816378f4edc64679b092f18f707499c1421d259229286", size = 1469593 },
    { url = "https://files.pythonhosted.org/packages/82/28/f52d7f2f0fc135e93bc4748d59d89d53969cc07b3aae601f7f3cd9ed4fca/awscrt-0.23.6-cp310-cp310-manylinux_2_17_aarch64.manylinux2014_aarch64.whl", hash = "sha256:d80ae51abbe37b334bc773b7fc33069a00c7dccfbfb2661922432e1ff26f5206", size = 8396298 },
    { url = "https://files.pythonhosted.org/packages/0e/ad/40219c38053400a79ae6dcea482b2500f69c8b259e6506ce8f603bc585d0/awscrt-0.23.6-cp310-cp310-manylinux_2_17_x86_64.manylinux2014_x86_64.whl", hash = "sha256:6e99ddbc337b5a2b371aac530adab9698183f63727070347799abcffe43f8b2c", size = 8660758 },
    { url = "https://files.pythonhosted.org/packages/f9/23/acb5f4e81e6e5b5b7c226e712b2b608fd6abf83b5c93ff58ba48cc471839/awscrt-0.23.6-cp310-cp310-musllinux_1_1_aarch64.whl", hash = "sha256:90c560002113d61996a370f00200bfd984dddc8e4c3e0926a17fc3dee0550d96", size = 8500156 },
    { url = "https://files.pythonhosted.org/packages/7d/11/b9e9cb5dba1a91b6a9b1aea090746328dcd0d71ada9bff1cf5a5d5e942d5/awscrt-0.23.6-cp310-cp310-musllinux_1_1_x86_64.whl", hash = "sha256:09ae4f0e760d3d99ff41728385781dadfc1530ee1cdbf89009530f022e157999", size = 8878149 },
    { url = "https://files.pythonhosted.org/packages/c1/79/df2e2a4a035e35152f7927b5b509867a2df448bdecade493d6ce1eae2931/awscrt-0.23.6-cp310-cp310-win32.whl", hash = "sha256:b1fa00db754d8167c05a176313924644170942e036c7778a9f19bb12c7e7a4f7", size = 2579011 },
    { url = "https://files.pythonhosted.org/packages/9e/25/d3360df939d564c6d2a8323ddd76a97fd111c85e9b987bdc1092c79f54d8/awscrt-0.23.6-cp310-cp310-win_amd64.whl", hash = "sha256:21db23dd50a195316978149b8122292518b7a1377cb4b8c776a0df23bbb57351", size = 2630702 },
    { url = "https://files.pythonhosted.org/packages/e9/3e/6c4f64f7bb3d175bc28f4724a8f0d13b0def6441c419a09ea4ef03127937/awscrt-0.23.6-cp311-abi3-macosx_10_9_universal2.whl", hash = "sha256:a27f0838663c9772a3066cb49f701c68124b76bd4ed0eb6529a45ae4ecc4ea42", size = 1469916 },
    { url = "https://files.pythonhosted.org/packages/e4/8f/5287d6df36568a7f79ca6ab9f151652104fb1e69cdf2eff2690de4872592/awscrt-0.23.6-cp311-abi3-manylinux_2_17_aarch64.manylinux2014_aarch64.whl", hash = "sha256:de91f9c32d49ab0516cf3780665ba5aac6e8aae22ec4d4581bdc7495b2535295", size = 8361548 },
    { url = "https://files.pythonhosted.org/packages/ad/7d/0e11bd4fce2bd149d7e4744db819132dbea896fd2d1554e10f95fe268c2d/awscrt-0.23.6-cp311-abi3-manylinux_2_17_x86_64.manylinux2014_x86_64.whl", hash = "sha256:8ad36b1702ec3b9bb41d1329468ea8e0a4de79d940ee1c83b0fb4f02e3ee798d", size = 8626889 },
    { url = "https://files.pythonhosted.org/packages/fb/d5/48e9490f6a5cec55f7c0abb6917734e48fd924a2232c4b3cdc96443cd5b5/awscrt-0.23.6-cp311-abi3-musllinux_1_1_aarch64.whl", hash = "sha256:7633e57704d2490b8df41cedb1d8fbd6e96c69591a0e0e0657b3179e5d7f97cf", size = 8445287 },
    { url = "https://files.pythonhosted.org/packages/c0/4d/c2f3076a0e249ca30dd64d4d532f616a7fbfe9222eb4035fc1d1c3e8dc55/awscrt-0.23.6-cp311-abi3-musllinux_1_1_x86_64.whl", hash = "sha256:dd3014297433de4851d6e70be977e3c182e743cb57683efb310e6f88497bac4e", size = 8824690 },
    { url = "https://files.pythonhosted.org/packages/a3/6f/473914899f0e69d031325626d8a9347bd775f593ffa3e3426ae2d677a5e1/awscrt-0.23.6-cp311-abi3-win32.whl", hash = "sha256:9b3d426dfa1a26fc7b0ee16bd4350533d7866c76739c957c589235c59df8fae3", size = 2576095 },
    { url = "https://files.pythonhosted.org/packages/57/03/6bf559e837af95d5d2961070cda0f9adf2861adddfaa371b01ff1d663a66/awscrt-0.23.6-cp311-abi3-win_amd64.whl", hash = "sha256:eae36d0c9e3147237c0da8278db69597572d164930df3d310cfc0177a86eebeb", size = 2628620 },
    { url = "https://files.pythonhosted.org/packages/d2/5e/1c00c05db896d1942bb9190ece282f206ac8a74bbdc1b2cc19839da2e12e/awscrt-0.23.6-cp313-abi3-macosx_10_13_universal2.whl", hash = "sha256:08f56ba0f99c90f761f9b802d236e614e46f26dc1585d4f46ad6b993b3e307c9", size = 1463121 },
    { url = "https://files.pythonhosted.org/packages/39/c2/0bf8d048844a9f5c956e431a58b726ced024b7e657b469779970d8278905/awscrt-0.23.6-cp313-abi3-manylinux_2_17_aarch64.manylinux2014_aarch64.whl", hash = "sha256:b9b12d0f839abb1d606d0308c33ddb8c661c926a5664b15eb5267c285062bf2e", size = 8354681 },
    { url = "https://files.pythonhosted.org/packages/82/2e/671fe955cc057cccee92185761f9e04b892763d94299d3277fffda87b7fc/awscrt-0.23.6-cp313-abi3-manylinux_2_17_x86_64.manylinux2014_x86_64.whl", hash = "sha256:a74fdb562d3bece49ecaa059cf0f13ef30ca746a001293f59dd4b1a9d9db738b", size = 8623334 },
    { url = "https://files.pythonhosted.org/packages/35/c2/c7bbd76993e9d1e7c6308c90880495fca23df8af91e1312fa599f7279496/awscrt-0.23.6-cp313-abi3-musllinux_1_1_aarch64.whl", hash = "sha256:835f6e51c90149eebc92f93ecfda5b525357311d9975dcb70a202f15cd3f77c8", size = 8441455 },
    { url = "https://files.pythonhosted.org/packages/57/75/6d324bf519a9465d10b48a40d7d0a0b0504286d2e61efc2c94d7a6c341b4/awscrt-0.23.6-cp313-abi3-musllinux_1_1_x86_64.whl", hash = "sha256:7439006320e22ff2640dcdc5a61c553e7107d74c310341fbeb852d6e8f52f76a", size = 8819618 },
    { url = "https://files.pythonhosted.org/packages/74/53/2caf6c8917384d1631b2fc02db5daee87a77b6c8973ee5951d4b683ed410/awscrt-0.23.6-cp313-abi3-win32.whl", hash = "sha256:37b9f33d2ae7d4eca98cc3f0c947d454967caf0e6bc9a32accd6a552f520d72a", size = 2574355 },
    { url = "https://files.pythonhosted.org/packages/02/c9/f577fcf3235be81bc8f04a977fd46307a4b0c713e68e66fe6254587b85fa/awscrt-0.23.6-cp313-abi3-win_amd64.whl", hash = "sha256:4ffad15d9bcbd9cb610a9a7850378d9564f6ceaa6b346086944f5d108c93f270", size = 2626789 },
    { url = "https://files.pythonhosted.org/packages/df/78/65597a1b87a77134b11097683af1a278793c22bc9505eede8179b041664c/awscrt-0.23.6-cp38-cp38-macosx_10_9_x86_64.whl", hash = "sha256:ee0b46b90adcb9b7aac772771c15306ef94c291272e7a7b46a84df4d443abb33", size = 787199 },
    { url = "https://files.pythonhosted.org/packages/b7/34/700a0fb1987ff10d42e2bc11b547cd6936f561933e304f3744fb7dc6cbff/awscrt-0.23.6-cp38-cp38-manylinux_2_17_aarch64.manylinux2014_aarch64.whl", hash = "sha256:cb40f3b1ca61fec0172b04044904bac73483ee1f406278327daec49811debb4f", size = 8404082 },
    { url = "https://files.pythonhosted.org/packages/92/5c/943b08f22e9c5ce5f6a180d829f8d3260291b0546036a87ab1b20f8663f4/awscrt-0.23.6-cp38-cp38-manylinux_2_17_x86_64.manylinux2014_x86_64.whl", hash = "sha256:99687622aea7e7b4d1007833bea6ebe9114f12feece9abe9d548c3fc0a6fd393", size = 8668298 },
    { url = "https://files.pythonhosted.org/packages/4d/a0/2625347d0335124dd76a229122744c30621f2383dd4fb76765d68acdfa3c/awscrt-0.23.6-cp38-cp38-manylinux_2_5_i686.manylinux1_i686.whl", hash = "sha256:11083d69397fa80a9d73ffa1fff5d060051f6ba7637c81baa9e9c8b9b89bb01d", size = 7505513 },
    { url = "https://files.pythonhosted.org/packages/2c/b1/7b58156c5cb3cc4a637208afea3ae75db6e0471b3778ebecef51c5481713/awscrt-0.23.6-cp38-cp38-manylinux_2_5_x86_64.manylinux1_x86_64.whl", hash = "sha256:6583284103f3057eb8a5aa199cbaf326bef3ad25c44069c5593463a31a04e834", size = 7902214 },
    { url = "https://files.pythonhosted.org/packages/07/79/331a6f524b26c6efd2ceef1c83a449b0344367f69aacf0872dd0d1548bdb/awscrt-0.23.6-cp38-cp38-musllinux_1_1_aarch64.whl", hash = "sha256:9050326ffeb4f368311b8124cfc4771dd4b7a807602daeb0f56803e265df1ca5", size = 8509792 },
    { url = "https://files.pythonhosted.org/packages/25/ed/a8ad883639ca4730681944e213a18db8d70c96a46bb1914deb5324961cca/awscrt-0.23.6-cp38-cp38-musllinux_1_1_x86_64.whl", hash = "sha256:12080a695efcfe752755d2806fc640bc4a2f44b824b89e9beb5e0737a2c78cb8", size = 8885073 },
    { url = "https://files.pythonhosted.org/packages/45/f6/a69b40c02a8a4a8d5ad2f03427dbcad121eaca7b143df5a5c5b53f638239/awscrt-0.23.6-cp38-cp38-win32.whl", hash = "sha256:1d4d7d8db451c6605ea3620d9f90653145a4e17557cd305fd3d6c301cc2f2bb9", size = 2577276 },
    { url = "https://files.pythonhosted.org/packages/f5/58/c0ec155c39857b26e5571d3ba454abff8bed4c78f9552a78027070bc0fab/awscrt-0.23.6-cp38-cp38-win_amd64.whl", hash = "sha256:c7f7a473309f676ebe67caf8ce816b74519d0fad304e8fcf53820a95a19fb7f4", size = 2630244 },
    { url = "https://files.pythonhosted.org/packages/c9/71/908547b66b42b44a8fd69a8932ffd498de8045f39ae98ae198957427b376/awscrt-0.23.6-cp39-cp39-macosx_10_9_universal2.whl", hash = "sha256:37641b52f93482d8ba48c4c52f8a678ec61aa12719e5e0fbe5b122ec976b0d53", size = 1469719 },
    { url = "https://files.pythonhosted.org/packages/a6/ef/dda0e6cbd591464d0974f0bd594ca57aeb8b924a85dae9b0c80cffcd4df5/awscrt-0.23.6-cp39-cp39-manylinux_2_17_aarch64.manylinux2014_aarch64.whl", hash = "sha256:6d5fe52e53d755b081af6adca99d11741c6f29329042c47523a47186cfffe86a", size = 8394332 },
    { url = "https://files.pythonhosted.org/packages/a6/9c/a3ae6ea4c143d330f6b46378ae18d455e916de17f4346a12c06096dc73e7/awscrt-0.23.6-cp39-cp39-manylinux_2_17_x86_64.manylinux2014_x86_64.whl", hash = "sha256:35f700bac0816e68d6e2ad7e957b542d63bbce129827a0d975c6f6310308529c", size = 8658559 },
    { url = "https://files.pythonhosted.org/packages/ce/41/ef37dcd7e3f6276da861f0b819ec4dd45bda5824f1debba52721641eda29/awscrt-0.23.6-cp39-cp39-manylinux_2_5_i686.manylinux1_i686.whl", hash = "sha256:58f69e1919a0790708f0a7bcddaff3ea6c691802b35303d486f224774f041ede", size = 7495709 },
    { url = "https://files.pythonhosted.org/packages/e6/19/db189aa2fe72bc2f119850ff0d701506c96a44cd9e71787e43e9d5bcfce7/awscrt-0.23.6-cp39-cp39-manylinux_2_5_x86_64.manylinux1_x86_64.whl", hash = "sha256:e42e8a2690ec59724cdc74cbefd0dc7cbab6bdcdcc5857f1b0f4d38cb39a8bc3", size = 7893383 },
    { url = "https://files.pythonhosted.org/packages/c7/e0/630813db4a6e799d04a40e3ecb6d7a360cb7fa6105b435effaf5f2aeaac3/awscrt-0.23.6-cp39-cp39-musllinux_1_1_aarch64.whl", hash = "sha256:1697892623af97a0f0c841ef78b133c2b7c5066d3349bfce90aa994c5f9060f1", size = 8496264 },
    { url = "https://files.pythonhosted.org/packages/94/6d/b9e75568ccbef4d357281fed486e45ecccb22c17bd8e04dfecf6aaf2c0dc/awscrt-0.23.6-cp39-cp39-musllinux_1_1_x86_64.whl", hash = "sha256:90349ecb3cefeee10347aa60601333ecb06b7b29db938f11533c375e71faa66f", size = 8873932 },
    { url = "https://files.pythonhosted.org/packages/21/19/b8a59dedbb78d2a0eed2ec54e001862c9f376790119dcd3e97c9e71eceae/awscrt-0.23.6-cp39-cp39-win32.whl", hash = "sha256:20e75ae8cc67501a102ed4ba6f558c4fd0e995f08ff65d1ddf7b7db2d9850b11", size = 2577513 },
    { url = "https://files.pythonhosted.org/packages/45/7c/7fcfbafbfc62b196a7f67a176831a20fb9469014715311a404418942998b/awscrt-0.23.6-cp39-cp39-win_amd64.whl", hash = "sha256:bbe57efeff7674db6f57dbfcae74f81ae17530f018c929fb70c98bc5eda436f0", size = 2630033 },
]

[[package]]
name = "istub"
version = "0.2.4"
source = { registry = "https://pypi.org/simple" }
dependencies = [
    { name = "pip" },
    { name = "pyyaml" },
]
sdist = { url = "https://files.pythonhosted.org/packages/44/97/17c5b2b4a2d6c4b1bc110470a403fbe01ac23419328f2e9885c395401379/istub-0.2.4.tar.gz", hash = "sha256:c05a9d0ce6c6cb6acca92be01462a866867e13d37a711caae87c2dd00006a6c1", size = 9890 }
wheels = [
    { url = "https://files.pythonhosted.org/packages/b4/82/f42b052f1fec914f3ab633d571b1339fa76b1ce08674cbd0bff757a93392/istub-0.2.4-py3-none-any.whl", hash = "sha256:dac1a1d86e6846f43c8e562c2e4ed1fe2cefbaaf9829b7ce9cce844e409cf954", size = 14034 },
]

[[package]]
name = "mypy"
version = "1.14.0"
source = { registry = "https://pypi.org/simple" }
dependencies = [
    { name = "mypy-extensions" },
    { name = "tomli", marker = "python_full_version < '3.11'" },
    { name = "typing-extensions" },
]
sdist = { url = "https://files.pythonhosted.org/packages/8c/7b/08046ef9330735f536a09a2e31b00f42bccdb2795dcd979636ba43bb2d63/mypy-1.14.0.tar.gz", hash = "sha256:822dbd184d4a9804df5a7d5335a68cf7662930e70b8c1bc976645d1509f9a9d6", size = 3215684 }
wheels = [
    { url = "https://files.pythonhosted.org/packages/ef/97/f00ded038482230e0beaaa08f9c5483a54530b362ad1b0d752d5d2b2f211/mypy-1.14.0-cp310-cp310-macosx_10_9_x86_64.whl", hash = "sha256:e971c1c667007f9f2b397ffa80fa8e1e0adccff336e5e77e74cb5f22868bee87", size = 11207956 },
    { url = "https://files.pythonhosted.org/packages/68/67/8b4db0da19c9e3fa6264e948f1c135ab4dd45bede1809f4fdb613dc119f6/mypy-1.14.0-cp310-cp310-macosx_11_0_arm64.whl", hash = "sha256:e86aaeaa3221a278c66d3d673b297232947d873773d61ca3ee0e28b2ff027179", size = 10363681 },
    { url = "https://files.pythonhosted.org/packages/f5/00/56b1619ff1f3fcad2d411eccda60d74d20e73bda39c218d5ad2769980682/mypy-1.14.0-cp310-cp310-manylinux_2_17_x86_64.manylinux2014_x86_64.manylinux_2_28_x86_64.whl", hash = "sha256:1628c5c3ce823d296e41e2984ff88c5861499041cb416a8809615d0c1f41740e", size = 12832976 },
    { url = "https://files.pythonhosted.org/packages/e7/8b/9247838774b0bd865f190cc221822212091317f16310305ef924d9772532/mypy-1.14.0-cp310-cp310-musllinux_1_2_x86_64.whl", hash = "sha256:7fadb29b77fc14a0dd81304ed73c828c3e5cde0016c7e668a86a3e0dfc9f3af3", size = 13013704 },
    { url = "https://files.pythonhosted.org/packages/b2/69/0c0868a6f3d9761d2f704d1fb6ef84d75998c27d342738a8b20f109a411f/mypy-1.14.0-cp310-cp310-win_amd64.whl", hash = "sha256:3fa76988dc760da377c1e5069200a50d9eaaccf34f4ea18428a3337034ab5a44", size = 9782230 },
    { url = "https://files.pythonhosted.org/packages/34/c1/b9dd3e955953aec1c728992545b7877c9f6fa742a623ce4c200da0f62540/mypy-1.14.0-cp311-cp311-macosx_10_9_x86_64.whl", hash = "sha256:6e73c8a154eed31db3445fe28f63ad2d97b674b911c00191416cf7f6459fd49a", size = 11121032 },
    { url = "https://files.pythonhosted.org/packages/ee/96/c52d5d516819ab95bf41f4a1ada828a3decc302f8c152ff4fc5feb0e4529/mypy-1.14.0-cp311-cp311-macosx_11_0_arm64.whl", hash = "sha256:273e70fcb2e38c5405a188425aa60b984ffdcef65d6c746ea5813024b68c73dc", size = 10286294 },
    { url = "https://files.pythonhosted.org/packages/69/2c/3dbe51877a24daa467f8d8631f9ffd1aabbf0f6d9367a01c44a59df81fe0/mypy-1.14.0-cp311-cp311-manylinux_2_17_x86_64.manylinux2014_x86_64.manylinux_2_28_x86_64.whl", hash = "sha256:1daca283d732943731a6a9f20fdbcaa927f160bc51602b1d4ef880a6fb252015", size = 12746528 },
    { url = "https://files.pythonhosted.org/packages/a1/a8/eb20cde4ba9c4c3e20d958918a7c5d92210f4d1a0200c27de9a641f70996/mypy-1.14.0-cp311-cp311-musllinux_1_2_x86_64.whl", hash = "sha256:7e68047bedb04c1c25bba9901ea46ff60d5eaac2d71b1f2161f33107e2b368eb", size = 12883489 },
    { url = "https://files.pythonhosted.org/packages/91/17/a1fc6c70f31d52c99299320cf81c3cb2c6b91ec7269414e0718a6d138e34/mypy-1.14.0-cp311-cp311-win_amd64.whl", hash = "sha256:7a52f26b9c9b1664a60d87675f3bae00b5c7f2806e0c2800545a32c325920bcc", size = 9780113 },
    { url = "https://files.pythonhosted.org/packages/fe/d8/0e72175ee0253217f5c44524f5e95251c02e95ba9749fb87b0e2074d203a/mypy-1.14.0-cp312-cp312-macosx_10_13_x86_64.whl", hash = "sha256:d5326ab70a6db8e856d59ad4cb72741124950cbbf32e7b70e30166ba7bbf61dd", size = 11269011 },
    { url = "https://files.pythonhosted.org/packages/e9/6d/4ea13839dabe5db588dc6a1b766da16f420d33cf118a7b7172cdf6c7fcb2/mypy-1.14.0-cp312-cp312-macosx_11_0_arm64.whl", hash = "sha256:bf4ec4980bec1e0e24e5075f449d014011527ae0055884c7e3abc6a99cd2c7f1", size = 10253076 },
    { url = "https://files.pythonhosted.org/packages/3e/38/7db2c5d0f4d290e998f7a52b2e2616c7bbad96b8e04278ab09d11978a29e/mypy-1.14.0-cp312-cp312-manylinux_2_17_x86_64.manylinux2014_x86_64.manylinux_2_28_x86_64.whl", hash = "sha256:390dfb898239c25289495500f12fa73aa7f24a4c6d90ccdc165762462b998d63", size = 12862786 },
    { url = "https://files.pythonhosted.org/packages/bf/4b/62d59c801b34141040989949c2b5c157d0408b45357335d3ec5b2845b0f6/mypy-1.14.0-cp312-cp312-musllinux_1_2_x86_64.whl", hash = "sha256:7e026d55ddcd76e29e87865c08cbe2d0104e2b3153a523c529de584759379d3d", size = 12971568 },
    { url = "https://files.pythonhosted.org/packages/f1/9c/e0f281b32d70c87b9e4d2939e302b1ff77ada4d7b0f2fb32890c144bc1d6/mypy-1.14.0-cp312-cp312-win_amd64.whl", hash = "sha256:585ed36031d0b3ee362e5107ef449a8b5dfd4e9c90ccbe36414ee405ee6b32ba", size = 9879477 },
    { url = "https://files.pythonhosted.org/packages/13/33/8380efd0ebdfdfac7fc0bf065f03a049800ca1e6c296ec1afc634340d992/mypy-1.14.0-cp313-cp313-macosx_10_13_x86_64.whl", hash = "sha256:e9f6f4c0b27401d14c483c622bc5105eff3911634d576bbdf6695b9a7c1ba741", size = 11251509 },
    { url = "https://files.pythonhosted.org/packages/15/6d/4e1c21c60fee11af7d8e4f2902a29886d1387d6a836be16229eb3982a963/mypy-1.14.0-cp313-cp313-macosx_11_0_arm64.whl", hash = "sha256:56b2280cedcb312c7a79f5001ae5325582d0d339bce684e4a529069d0e7ca1e7", size = 10244282 },
    { url = "https://files.pythonhosted.org/packages/8b/cf/7a8ae5c0161edae15d25c2c67c68ce8b150cbdc45aefc13a8be271ee80b2/mypy-1.14.0-cp313-cp313-manylinux_2_17_x86_64.manylinux2014_x86_64.manylinux_2_28_x86_64.whl", hash = "sha256:342de51c48bab326bfc77ce056ba08c076d82ce4f5a86621f972ed39970f94d8", size = 12867676 },
    { url = "https://files.pythonhosted.org/packages/9c/d0/71f7bbdcc7cfd0f2892db5b13b1e8857673f2cc9e0c30e3e4340523dc186/mypy-1.14.0-cp313-cp313-musllinux_1_2_x86_64.whl", hash = "sha256:00df23b42e533e02a6f0055e54de9a6ed491cd8b7ea738647364fd3a39ea7efc", size = 12964189 },
    { url = "https://files.pythonhosted.org/packages/a7/40/fb4ad65d6d5f8c51396ecf6305ec0269b66013a5bf02d0e9528053640b4a/mypy-1.14.0-cp313-cp313-win_amd64.whl", hash = "sha256:e8c8387e5d9dff80e7daf961df357c80e694e942d9755f3ad77d69b0957b8e3f", size = 9888247 },
    { url = "https://files.pythonhosted.org/packages/48/4b/3c77c79f56e085f7cb5d4a4bb14d56b39f81161b9347f1a8342c45bb5054/mypy-1.14.0-cp38-cp38-macosx_10_9_x86_64.whl", hash = "sha256:0b16738b1d80ec4334654e89e798eb705ac0c36c8a5c4798496cd3623aa02286", size = 11145847 },
    { url = "https://files.pythonhosted.org/packages/86/82/024a4eee1a7d14321d5a53d2f27108abd636b906ed111ad1c3a7f21a1635/mypy-1.14.0-cp38-cp38-macosx_11_0_arm64.whl", hash = "sha256:10065fcebb7c66df04b05fc799a854b1ae24d9963c8bb27e9064a9bdb43aa8ad", size = 10317689 },
    { url = "https://files.pythonhosted.org/packages/3b/22/f8c98d3d6d492d61a822f655c4a9496f80e418592efcf4cde68ffd71600e/mypy-1.14.0-cp38-cp38-manylinux_2_17_x86_64.manylinux2014_x86_64.manylinux_2_28_x86_64.whl", hash = "sha256:fbb7d683fa6bdecaa106e8368aa973ecc0ddb79a9eaeb4b821591ecd07e9e03c", size = 12788755 },
    { url = "https://files.pythonhosted.org/packages/3f/79/43d7016990835e51e3f71775f01263b76615f287c03ffce5319cd8d91bab/mypy-1.14.0-cp38-cp38-musllinux_1_2_x86_64.whl", hash = "sha256:3498cb55448dc5533e438cd13d6ddd28654559c8c4d1fd4b5ca57a31b81bac01", size = 12975298 },
    { url = "https://files.pythonhosted.org/packages/70/d5/a7bffb6ed7da945f392dfa794e310a1f582484c3c0aaad278ee05bd644d5/mypy-1.14.0-cp38-cp38-win_amd64.whl", hash = "sha256:c7b243408ea43755f3a21a0a08e5c5ae30eddb4c58a80f415ca6b118816e60aa", size = 9764157 },
    { url = "https://files.pythonhosted.org/packages/aa/b7/7f04baf45d3f7fd15eb2e24ca225f93713a43fa3b7fb4ec85329e6849a50/mypy-1.14.0-cp39-cp39-macosx_10_9_x86_64.whl", hash = "sha256:14117b9da3305b39860d0aa34b8f1ff74d209a368829a584eb77524389a9c13e", size = 11202640 },
    { url = "https://files.pythonhosted.org/packages/1c/03/3d27a64baaa70d8218556a08d93fc64e0d3a46b81bae0e2c93511be85264/mypy-1.14.0-cp39-cp39-macosx_11_0_arm64.whl", hash = "sha256:af98c5a958f9c37404bd4eef2f920b94874507e146ed6ee559f185b8809c44cc", size = 10354715 },
    { url = "https://files.pythonhosted.org/packages/bb/bd/a0eb1789dfeaab0ca93d00f373c002cac4734e8f902de4e7eceb9245a116/mypy-1.14.0-cp39-cp39-manylinux_2_17_x86_64.manylinux2014_x86_64.manylinux_2_28_x86_64.whl", hash = "sha256:f0b343a1d3989547024377c2ba0dca9c74a2428ad6ed24283c213af8dbb0710b", size = 12832863 },
    { url = "https://files.pythonhosted.org/packages/ef/0c/d404be19b1145f9371c4d4fdfc166337a2810c2be0f19dec5965186e8fab/mypy-1.14.0-cp39-cp39-musllinux_1_2_x86_64.whl", hash = "sha256:cdb5563c1726c85fb201be383168f8c866032db95e1095600806625b3a648cb7", size = 13008982 },
    { url = "https://files.pythonhosted.org/packages/3e/2c/f02dbde7609de72160459767bfb12490e1e30e33e3d01a6c68d5934f73df/mypy-1.14.0-cp39-cp39-win_amd64.whl", hash = "sha256:74e925649c1ee0a79aa7448baf2668d81cc287dc5782cff6a04ee93f40fb8d3f", size = 9781353 },
    { url = "https://files.pythonhosted.org/packages/39/32/0214608af400cdf8f5102144bb8af10d880675c65ed0b58f7e0e77175d50/mypy-1.14.0-py3-none-any.whl", hash = "sha256:2238d7f93fc4027ed1efc944507683df3ba406445a2b6c96e79666a045aadfab", size = 2752803 },
]

[[package]]
name = "mypy-extensions"
version = "1.0.0"
source = { registry = "https://pypi.org/simple" }
sdist = { url = "https://files.pythonhosted.org/packages/98/a4/1ab47638b92648243faf97a5aeb6ea83059cc3624972ab6b8d2316078d3f/mypy_extensions-1.0.0.tar.gz", hash = "sha256:75dbf8955dc00442a438fc4d0666508a9a97b6bd41aa2f0ffe9d2f2725af0782", size = 4433 }
wheels = [
    { url = "https://files.pythonhosted.org/packages/2a/e2/5d3f6ada4297caebe1a2add3b126fe800c96f56dbe5d1988a2cbe0b267aa/mypy_extensions-1.0.0-py3-none-any.whl", hash = "sha256:4392f6c0eb8a5668a69e23d168ffa70f0be9ccfd32b5cc2d26a34ae5b844552d", size = 4695 },
]

[[package]]
name = "nodeenv"
version = "1.9.1"
source = { registry = "https://pypi.org/simple" }
sdist = { url = "https://files.pythonhosted.org/packages/43/16/fc88b08840de0e0a72a2f9d8c6bae36be573e475a6326ae854bcc549fc45/nodeenv-1.9.1.tar.gz", hash = "sha256:6ec12890a2dab7946721edbfbcd91f3319c6ccc9aec47be7c7e6b7011ee6645f", size = 47437 }
wheels = [
    { url = "https://files.pythonhosted.org/packages/d2/1d/1b658dbd2b9fa9c4c9f32accbfc0205d532c8c6194dc0f2a4c0428e7128a/nodeenv-1.9.1-py2.py3-none-any.whl", hash = "sha256:ba11c9782d29c27c70ffbdda2d7415098754709be8a7056d79a737cd901155c9", size = 22314 },
]

[[package]]
name = "pip"
version = "24.3.1"
source = { registry = "https://pypi.org/simple" }
sdist = { url = "https://files.pythonhosted.org/packages/f4/b1/b422acd212ad7eedddaf7981eee6e5de085154ff726459cf2da7c5a184c1/pip-24.3.1.tar.gz", hash = "sha256:ebcb60557f2aefabc2e0f918751cd24ea0d56d8ec5445fe1807f1d2109660b99", size = 1931073 }
wheels = [
    { url = "https://files.pythonhosted.org/packages/ef/7d/500c9ad20238fcfcb4cb9243eede163594d7020ce87bd9610c9e02771876/pip-24.3.1-py3-none-any.whl", hash = "sha256:3790624780082365f47549d032f3770eeb2b1e8bd1f7b2e02dace1afa361b4ed", size = 1822182 },
]

[[package]]
name = "pyright"
version = "1.1.391"
source = { registry = "https://pypi.org/simple" }
dependencies = [
    { name = "nodeenv" },
    { name = "typing-extensions" },
]
sdist = { url = "https://files.pythonhosted.org/packages/11/05/4ea52a8a45cc28897edb485b4102d37cbfd5fce8445d679cdeb62bfad221/pyright-1.1.391.tar.gz", hash = "sha256:66b2d42cdf5c3cbab05f2f4b76e8bec8aa78e679bfa0b6ad7b923d9e027cadb2", size = 21965 }
wheels = [
    { url = "https://files.pythonhosted.org/packages/ad/89/66f49552fbeb21944c8077d11834b2201514a56fd1b7747ffff9630f1bd9/pyright-1.1.391-py3-none-any.whl", hash = "sha256:54fa186f8b3e8a55a44ebfa842636635688670c6896dcf6cf4a7fc75062f4d15", size = 18579 },
]

[[package]]
name = "pyyaml"
version = "6.0.2"
source = { registry = "https://pypi.org/simple" }
sdist = { url = "https://files.pythonhosted.org/packages/54/ed/79a089b6be93607fa5cdaedf301d7dfb23af5f25c398d5ead2525b063e17/pyyaml-6.0.2.tar.gz", hash = "sha256:d584d9ec91ad65861cc08d42e834324ef890a082e591037abe114850ff7bbc3e", size = 130631 }
wheels = [
    { url = "https://files.pythonhosted.org/packages/9b/95/a3fac87cb7158e231b5a6012e438c647e1a87f09f8e0d123acec8ab8bf71/PyYAML-6.0.2-cp310-cp310-macosx_10_9_x86_64.whl", hash = "sha256:0a9a2848a5b7feac301353437eb7d5957887edbf81d56e903999a75a3d743086", size = 184199 },
    { url = "https://files.pythonhosted.org/packages/c7/7a/68bd47624dab8fd4afbfd3c48e3b79efe09098ae941de5b58abcbadff5cb/PyYAML-6.0.2-cp310-cp310-macosx_11_0_arm64.whl", hash = "sha256:29717114e51c84ddfba879543fb232a6ed60086602313ca38cce623c1d62cfbf", size = 171758 },
    { url = "https://files.pythonhosted.org/packages/49/ee/14c54df452143b9ee9f0f29074d7ca5516a36edb0b4cc40c3f280131656f/PyYAML-6.0.2-cp310-cp310-manylinux_2_17_aarch64.manylinux2014_aarch64.whl", hash = "sha256:8824b5a04a04a047e72eea5cec3bc266db09e35de6bdfe34c9436ac5ee27d237", size = 718463 },
    { url = "https://files.pythonhosted.org/packages/4d/61/de363a97476e766574650d742205be468921a7b532aa2499fcd886b62530/PyYAML-6.0.2-cp310-cp310-manylinux_2_17_s390x.manylinux2014_s390x.whl", hash = "sha256:7c36280e6fb8385e520936c3cb3b8042851904eba0e58d277dca80a5cfed590b", size = 719280 },
    { url = "https://files.pythonhosted.org/packages/6b/4e/1523cb902fd98355e2e9ea5e5eb237cbc5f3ad5f3075fa65087aa0ecb669/PyYAML-6.0.2-cp310-cp310-manylinux_2_17_x86_64.manylinux2014_x86_64.whl", hash = "sha256:ec031d5d2feb36d1d1a24380e4db6d43695f3748343d99434e6f5f9156aaa2ed", size = 751239 },
    { url = "https://files.pythonhosted.org/packages/b7/33/5504b3a9a4464893c32f118a9cc045190a91637b119a9c881da1cf6b7a72/PyYAML-6.0.2-cp310-cp310-musllinux_1_1_aarch64.whl", hash = "sha256:936d68689298c36b53b29f23c6dbb74de12b4ac12ca6cfe0e047bedceea56180", size = 695802 },
    { url = "https://files.pythonhosted.org/packages/5c/20/8347dcabd41ef3a3cdc4f7b7a2aff3d06598c8779faa189cdbf878b626a4/PyYAML-6.0.2-cp310-cp310-musllinux_1_1_x86_64.whl", hash = "sha256:23502f431948090f597378482b4812b0caae32c22213aecf3b55325e049a6c68", size = 720527 },
    { url = "https://files.pythonhosted.org/packages/be/aa/5afe99233fb360d0ff37377145a949ae258aaab831bde4792b32650a4378/PyYAML-6.0.2-cp310-cp310-win32.whl", hash = "sha256:2e99c6826ffa974fe6e27cdb5ed0021786b03fc98e5ee3c5bfe1fd5015f42b99", size = 144052 },
    { url = "https://files.pythonhosted.org/packages/b5/84/0fa4b06f6d6c958d207620fc60005e241ecedceee58931bb20138e1e5776/PyYAML-6.0.2-cp310-cp310-win_amd64.whl", hash = "sha256:a4d3091415f010369ae4ed1fc6b79def9416358877534caf6a0fdd2146c87a3e", size = 161774 },
    { url = "https://files.pythonhosted.org/packages/f8/aa/7af4e81f7acba21a4c6be026da38fd2b872ca46226673c89a758ebdc4fd2/PyYAML-6.0.2-cp311-cp311-macosx_10_9_x86_64.whl", hash = "sha256:cc1c1159b3d456576af7a3e4d1ba7e6924cb39de8f67111c735f6fc832082774", size = 184612 },
    { url = "https://files.pythonhosted.org/packages/8b/62/b9faa998fd185f65c1371643678e4d58254add437edb764a08c5a98fb986/PyYAML-6.0.2-cp311-cp311-macosx_11_0_arm64.whl", hash = "sha256:1e2120ef853f59c7419231f3bf4e7021f1b936f6ebd222406c3b60212205d2ee", size = 172040 },
    { url = "https://files.pythonhosted.org/packages/ad/0c/c804f5f922a9a6563bab712d8dcc70251e8af811fce4524d57c2c0fd49a4/PyYAML-6.0.2-cp311-cp311-manylinux_2_17_aarch64.manylinux2014_aarch64.whl", hash = "sha256:5d225db5a45f21e78dd9358e58a98702a0302f2659a3c6cd320564b75b86f47c", size = 736829 },
    { url = "https://files.pythonhosted.org/packages/51/16/6af8d6a6b210c8e54f1406a6b9481febf9c64a3109c541567e35a49aa2e7/PyYAML-6.0.2-cp311-cp311-manylinux_2_17_s390x.manylinux2014_s390x.whl", hash = "sha256:5ac9328ec4831237bec75defaf839f7d4564be1e6b25ac710bd1a96321cc8317", size = 764167 },
    { url = "https://files.pythonhosted.org/packages/75/e4/2c27590dfc9992f73aabbeb9241ae20220bd9452df27483b6e56d3975cc5/PyYAML-6.0.2-cp311-cp311-manylinux_2_17_x86_64.manylinux2014_x86_64.whl", hash = "sha256:3ad2a3decf9aaba3d29c8f537ac4b243e36bef957511b4766cb0057d32b0be85", size = 762952 },
    { url = "https://files.pythonhosted.org/packages/9b/97/ecc1abf4a823f5ac61941a9c00fe501b02ac3ab0e373c3857f7d4b83e2b6/PyYAML-6.0.2-cp311-cp311-musllinux_1_1_aarch64.whl", hash = "sha256:ff3824dc5261f50c9b0dfb3be22b4567a6f938ccce4587b38952d85fd9e9afe4", size = 735301 },
    { url = "https://files.pythonhosted.org/packages/45/73/0f49dacd6e82c9430e46f4a027baa4ca205e8b0a9dce1397f44edc23559d/PyYAML-6.0.2-cp311-cp311-musllinux_1_1_x86_64.whl", hash = "sha256:797b4f722ffa07cc8d62053e4cff1486fa6dc094105d13fea7b1de7d8bf71c9e", size = 756638 },
    { url = "https://files.pythonhosted.org/packages/22/5f/956f0f9fc65223a58fbc14459bf34b4cc48dec52e00535c79b8db361aabd/PyYAML-6.0.2-cp311-cp311-win32.whl", hash = "sha256:11d8f3dd2b9c1207dcaf2ee0bbbfd5991f571186ec9cc78427ba5bd32afae4b5", size = 143850 },
    { url = "https://files.pythonhosted.org/packages/ed/23/8da0bbe2ab9dcdd11f4f4557ccaf95c10b9811b13ecced089d43ce59c3c8/PyYAML-6.0.2-cp311-cp311-win_amd64.whl", hash = "sha256:e10ce637b18caea04431ce14fabcf5c64a1c61ec9c56b071a4b7ca131ca52d44", size = 161980 },
    { url = "https://files.pythonhosted.org/packages/86/0c/c581167fc46d6d6d7ddcfb8c843a4de25bdd27e4466938109ca68492292c/PyYAML-6.0.2-cp312-cp312-macosx_10_9_x86_64.whl", hash = "sha256:c70c95198c015b85feafc136515252a261a84561b7b1d51e3384e0655ddf25ab", size = 183873 },
    { url = "https://files.pythonhosted.org/packages/a8/0c/38374f5bb272c051e2a69281d71cba6fdb983413e6758b84482905e29a5d/PyYAML-6.0.2-cp312-cp312-macosx_11_0_arm64.whl", hash = "sha256:ce826d6ef20b1bc864f0a68340c8b3287705cae2f8b4b1d932177dcc76721725", size = 173302 },
    { url = "https://files.pythonhosted.org/packages/c3/93/9916574aa8c00aa06bbac729972eb1071d002b8e158bd0e83a3b9a20a1f7/PyYAML-6.0.2-cp312-cp312-manylinux_2_17_aarch64.manylinux2014_aarch64.whl", hash = "sha256:1f71ea527786de97d1a0cc0eacd1defc0985dcf6b3f17bb77dcfc8c34bec4dc5", size = 739154 },
    { url = "https://files.pythonhosted.org/packages/95/0f/b8938f1cbd09739c6da569d172531567dbcc9789e0029aa070856f123984/PyYAML-6.0.2-cp312-cp312-manylinux_2_17_s390x.manylinux2014_s390x.whl", hash = "sha256:9b22676e8097e9e22e36d6b7bda33190d0d400f345f23d4065d48f4ca7ae0425", size = 766223 },
    { url = "https://files.pythonhosted.org/packages/b9/2b/614b4752f2e127db5cc206abc23a8c19678e92b23c3db30fc86ab731d3bd/PyYAML-6.0.2-cp312-cp312-manylinux_2_17_x86_64.manylinux2014_x86_64.whl", hash = "sha256:80bab7bfc629882493af4aa31a4cfa43a4c57c83813253626916b8c7ada83476", size = 767542 },
    { url = "https://files.pythonhosted.org/packages/d4/00/dd137d5bcc7efea1836d6264f049359861cf548469d18da90cd8216cf05f/PyYAML-6.0.2-cp312-cp312-musllinux_1_1_aarch64.whl", hash = "sha256:0833f8694549e586547b576dcfaba4a6b55b9e96098b36cdc7ebefe667dfed48", size = 731164 },
    { url = "https://files.pythonhosted.org/packages/c9/1f/4f998c900485e5c0ef43838363ba4a9723ac0ad73a9dc42068b12aaba4e4/PyYAML-6.0.2-cp312-cp312-musllinux_1_1_x86_64.whl", hash = "sha256:8b9c7197f7cb2738065c481a0461e50ad02f18c78cd75775628afb4d7137fb3b", size = 756611 },
    { url = "https://files.pythonhosted.org/packages/df/d1/f5a275fdb252768b7a11ec63585bc38d0e87c9e05668a139fea92b80634c/PyYAML-6.0.2-cp312-cp312-win32.whl", hash = "sha256:ef6107725bd54b262d6dedcc2af448a266975032bc85ef0172c5f059da6325b4", size = 140591 },
    { url = "https://files.pythonhosted.org/packages/0c/e8/4f648c598b17c3d06e8753d7d13d57542b30d56e6c2dedf9c331ae56312e/PyYAML-6.0.2-cp312-cp312-win_amd64.whl", hash = "sha256:7e7401d0de89a9a855c839bc697c079a4af81cf878373abd7dc625847d25cbd8", size = 156338 },
    { url = "https://files.pythonhosted.org/packages/ef/e3/3af305b830494fa85d95f6d95ef7fa73f2ee1cc8ef5b495c7c3269fb835f/PyYAML-6.0.2-cp313-cp313-macosx_10_13_x86_64.whl", hash = "sha256:efdca5630322a10774e8e98e1af481aad470dd62c3170801852d752aa7a783ba", size = 181309 },
    { url = "https://files.pythonhosted.org/packages/45/9f/3b1c20a0b7a3200524eb0076cc027a970d320bd3a6592873c85c92a08731/PyYAML-6.0.2-cp313-cp313-macosx_11_0_arm64.whl", hash = "sha256:50187695423ffe49e2deacb8cd10510bc361faac997de9efef88badc3bb9e2d1", size = 171679 },
    { url = "https://files.pythonhosted.org/packages/7c/9a/337322f27005c33bcb656c655fa78325b730324c78620e8328ae28b64d0c/PyYAML-6.0.2-cp313-cp313-manylinux_2_17_aarch64.manylinux2014_aarch64.whl", hash = "sha256:0ffe8360bab4910ef1b9e87fb812d8bc0a308b0d0eef8c8f44e0254ab3b07133", size = 733428 },
    { url = "https://files.pythonhosted.org/packages/a3/69/864fbe19e6c18ea3cc196cbe5d392175b4cf3d5d0ac1403ec3f2d237ebb5/PyYAML-6.0.2-cp313-cp313-manylinux_2_17_s390x.manylinux2014_s390x.whl", hash = "sha256:17e311b6c678207928d649faa7cb0d7b4c26a0ba73d41e99c4fff6b6c3276484", size = 763361 },
    { url = "https://files.pythonhosted.org/packages/04/24/b7721e4845c2f162d26f50521b825fb061bc0a5afcf9a386840f23ea19fa/PyYAML-6.0.2-cp313-cp313-manylinux_2_17_x86_64.manylinux2014_x86_64.whl", hash = "sha256:70b189594dbe54f75ab3a1acec5f1e3faa7e8cf2f1e08d9b561cb41b845f69d5", size = 759523 },
    { url = "https://files.pythonhosted.org/packages/2b/b2/e3234f59ba06559c6ff63c4e10baea10e5e7df868092bf9ab40e5b9c56b6/PyYAML-6.0.2-cp313-cp313-musllinux_1_1_aarch64.whl", hash = "sha256:41e4e3953a79407c794916fa277a82531dd93aad34e29c2a514c2c0c5fe971cc", size = 726660 },
    { url = "https://files.pythonhosted.org/packages/fe/0f/25911a9f080464c59fab9027482f822b86bf0608957a5fcc6eaac85aa515/PyYAML-6.0.2-cp313-cp313-musllinux_1_1_x86_64.whl", hash = "sha256:68ccc6023a3400877818152ad9a1033e3db8625d899c72eacb5a668902e4d652", size = 751597 },
    { url = "https://files.pythonhosted.org/packages/14/0d/e2c3b43bbce3cf6bd97c840b46088a3031085179e596d4929729d8d68270/PyYAML-6.0.2-cp313-cp313-win32.whl", hash = "sha256:bc2fa7c6b47d6bc618dd7fb02ef6fdedb1090ec036abab80d4681424b84c1183", size = 140527 },
    { url = "https://files.pythonhosted.org/packages/fa/de/02b54f42487e3d3c6efb3f89428677074ca7bf43aae402517bc7cca949f3/PyYAML-6.0.2-cp313-cp313-win_amd64.whl", hash = "sha256:8388ee1976c416731879ac16da0aff3f63b286ffdd57cdeb95f3f2e085687563", size = 156446 },
    { url = "https://files.pythonhosted.org/packages/74/d9/323a59d506f12f498c2097488d80d16f4cf965cee1791eab58b56b19f47a/PyYAML-6.0.2-cp38-cp38-macosx_10_9_x86_64.whl", hash = "sha256:24471b829b3bf607e04e88d79542a9d48bb037c2267d7927a874e6c205ca7e9a", size = 183218 },
    { url = "https://files.pythonhosted.org/packages/74/cc/20c34d00f04d785f2028737e2e2a8254e1425102e730fee1d6396f832577/PyYAML-6.0.2-cp38-cp38-manylinux_2_17_aarch64.manylinux2014_aarch64.whl", hash = "sha256:d7fded462629cfa4b685c5416b949ebad6cec74af5e2d42905d41e257e0869f5", size = 728067 },
    { url = "https://files.pythonhosted.org/packages/20/52/551c69ca1501d21c0de51ddafa8c23a0191ef296ff098e98358f69080577/PyYAML-6.0.2-cp38-cp38-manylinux_2_17_s390x.manylinux2014_s390x.whl", hash = "sha256:d84a1718ee396f54f3a086ea0a66d8e552b2ab2017ef8b420e92edbc841c352d", size = 757812 },
    { url = "https://files.pythonhosted.org/packages/fd/7f/2c3697bba5d4aa5cc2afe81826d73dfae5f049458e44732c7a0938baa673/PyYAML-6.0.2-cp38-cp38-manylinux_2_17_x86_64.manylinux2014_x86_64.whl", hash = "sha256:9056c1ecd25795207ad294bcf39f2db3d845767be0ea6e6a34d856f006006083", size = 746531 },
    { url = "https://files.pythonhosted.org/packages/8c/ab/6226d3df99900e580091bb44258fde77a8433511a86883bd4681ea19a858/PyYAML-6.0.2-cp38-cp38-musllinux_1_1_x86_64.whl", hash = "sha256:82d09873e40955485746739bcb8b4586983670466c23382c19cffecbf1fd8706", size = 800820 },
    { url = "https://files.pythonhosted.org/packages/a0/99/a9eb0f3e710c06c5d922026f6736e920d431812ace24aae38228d0d64b04/PyYAML-6.0.2-cp38-cp38-win32.whl", hash = "sha256:43fa96a3ca0d6b1812e01ced1044a003533c47f6ee8aca31724f78e93ccc089a", size = 145514 },
    { url = "https://files.pythonhosted.org/packages/75/8a/ee831ad5fafa4431099aa4e078d4c8efd43cd5e48fbc774641d233b683a9/PyYAML-6.0.2-cp38-cp38-win_amd64.whl", hash = "sha256:01179a4a8559ab5de078078f37e5c1a30d76bb88519906844fd7bdea1b7729ff", size = 162702 },
    { url = "https://files.pythonhosted.org/packages/65/d8/b7a1db13636d7fb7d4ff431593c510c8b8fca920ade06ca8ef20015493c5/PyYAML-6.0.2-cp39-cp39-macosx_10_9_x86_64.whl", hash = "sha256:688ba32a1cffef67fd2e9398a2efebaea461578b0923624778664cc1c914db5d", size = 184777 },
    { url = "https://files.pythonhosted.org/packages/0a/02/6ec546cd45143fdf9840b2c6be8d875116a64076218b61d68e12548e5839/PyYAML-6.0.2-cp39-cp39-macosx_11_0_arm64.whl", hash = "sha256:a8786accb172bd8afb8be14490a16625cbc387036876ab6ba70912730faf8e1f", size = 172318 },
    { url = "https://files.pythonhosted.org/packages/0e/9a/8cc68be846c972bda34f6c2a93abb644fb2476f4dcc924d52175786932c9/PyYAML-6.0.2-cp39-cp39-manylinux_2_17_aarch64.manylinux2014_aarch64.whl", hash = "sha256:d8e03406cac8513435335dbab54c0d385e4a49e4945d2909a581c83647ca0290", size = 720891 },
    { url = "https://files.pythonhosted.org/packages/e9/6c/6e1b7f40181bc4805e2e07f4abc10a88ce4648e7e95ff1abe4ae4014a9b2/PyYAML-6.0.2-cp39-cp39-manylinux_2_17_s390x.manylinux2014_s390x.whl", hash = "sha256:f753120cb8181e736c57ef7636e83f31b9c0d1722c516f7e86cf15b7aa57ff12", size = 722614 },
    { url = "https://files.pythonhosted.org/packages/3d/32/e7bd8535d22ea2874cef6a81021ba019474ace0d13a4819c2a4bce79bd6a/PyYAML-6.0.2-cp39-cp39-manylinux_2_17_x86_64.manylinux2014_x86_64.whl", hash = "sha256:3b1fdb9dc17f5a7677423d508ab4f243a726dea51fa5e70992e59a7411c89d19", size = 737360 },
    { url = "https://files.pythonhosted.org/packages/d7/12/7322c1e30b9be969670b672573d45479edef72c9a0deac3bb2868f5d7469/PyYAML-6.0.2-cp39-cp39-musllinux_1_1_aarch64.whl", hash = "sha256:0b69e4ce7a131fe56b7e4d770c67429700908fc0752af059838b1cfb41960e4e", size = 699006 },
    { url = "https://files.pythonhosted.org/packages/82/72/04fcad41ca56491995076630c3ec1e834be241664c0c09a64c9a2589b507/PyYAML-6.0.2-cp39-cp39-musllinux_1_1_x86_64.whl", hash = "sha256:a9f8c2e67970f13b16084e04f134610fd1d374bf477b17ec1599185cf611d725", size = 723577 },
    { url = "https://files.pythonhosted.org/packages/ed/5e/46168b1f2757f1fcd442bc3029cd8767d88a98c9c05770d8b420948743bb/PyYAML-6.0.2-cp39-cp39-win32.whl", hash = "sha256:6395c297d42274772abc367baaa79683958044e5d3835486c16da75d2a694631", size = 144593 },
    { url = "https://files.pythonhosted.org/packages/19/87/5124b1c1f2412bb95c59ec481eaf936cd32f0fe2a7b16b97b81c4c017a6a/PyYAML-6.0.2-cp39-cp39-win_amd64.whl", hash = "sha256:39693e1f8320ae4f43943590b49779ffb98acb81f788220ea932a6b6c51004d8", size = 162312 },
]

[[package]]
name = "setuptools"
version = "75.3.0"
source = { registry = "https://pypi.org/simple" }
resolution-markers = [
    "python_full_version < '3.9'",
]
sdist = { url = "https://files.pythonhosted.org/packages/ed/22/a438e0caa4576f8c383fa4d35f1cc01655a46c75be358960d815bfbb12bd/setuptools-75.3.0.tar.gz", hash = "sha256:fba5dd4d766e97be1b1681d98712680ae8f2f26d7881245f2ce9e40714f1a686", size = 1351577 }
wheels = [
    { url = "https://files.pythonhosted.org/packages/90/12/282ee9bce8b58130cb762fbc9beabd531549952cac11fc56add11dcb7ea0/setuptools-75.3.0-py3-none-any.whl", hash = "sha256:f2504966861356aa38616760c0f66568e535562374995367b4e69c7143cf6bcd", size = 1251070 },
]

[[package]]
name = "setuptools"
version = "75.6.0"
source = { registry = "https://pypi.org/simple" }
resolution-markers = [
    "python_full_version >= '3.9'",
]
sdist = { url = "https://files.pythonhosted.org/packages/43/54/292f26c208734e9a7f067aea4a7e282c080750c4546559b58e2e45413ca0/setuptools-75.6.0.tar.gz", hash = "sha256:8199222558df7c86216af4f84c30e9b34a61d8ba19366cc914424cdbd28252f6", size = 1337429 }
wheels = [
    { url = "https://files.pythonhosted.org/packages/55/21/47d163f615df1d30c094f6c8bbb353619274edccf0327b185cc2493c2c33/setuptools-75.6.0-py3-none-any.whl", hash = "sha256:ce74b49e8f7110f9bf04883b730f4765b774ef3ef28f722cce7c273d253aaf7d", size = 1224032 },
]

[[package]]
name = "tomli"
version = "2.2.1"
source = { registry = "https://pypi.org/simple" }
sdist = { url = "https://files.pythonhosted.org/packages/18/87/302344fed471e44a87289cf4967697d07e532f2421fdaf868a303cbae4ff/tomli-2.2.1.tar.gz", hash = "sha256:cd45e1dc79c835ce60f7404ec8119f2eb06d38b1deba146f07ced3bbc44505ff", size = 17175 }
wheels = [
    { url = "https://files.pythonhosted.org/packages/43/ca/75707e6efa2b37c77dadb324ae7d9571cb424e61ea73fad7c56c2d14527f/tomli-2.2.1-cp311-cp311-macosx_10_9_x86_64.whl", hash = "sha256:678e4fa69e4575eb77d103de3df8a895e1591b48e740211bd1067378c69e8249", size = 131077 },
    { url = "https://files.pythonhosted.org/packages/c7/16/51ae563a8615d472fdbffc43a3f3d46588c264ac4f024f63f01283becfbb/tomli-2.2.1-cp311-cp311-macosx_11_0_arm64.whl", hash = "sha256:023aa114dd824ade0100497eb2318602af309e5a55595f76b626d6d9f3b7b0a6", size = 123429 },
    { url = "https://files.pythonhosted.org/packages/f1/dd/4f6cd1e7b160041db83c694abc78e100473c15d54620083dbd5aae7b990e/tomli-2.2.1-cp311-cp311-manylinux_2_17_aarch64.manylinux2014_aarch64.whl", hash = "sha256:ece47d672db52ac607a3d9599a9d48dcb2f2f735c6c2d1f34130085bb12b112a", size = 226067 },
    { url = "https://files.pythonhosted.org/packages/a9/6b/c54ede5dc70d648cc6361eaf429304b02f2871a345bbdd51e993d6cdf550/tomli-2.2.1-cp311-cp311-manylinux_2_17_x86_64.manylinux2014_x86_64.whl", hash = "sha256:6972ca9c9cc9f0acaa56a8ca1ff51e7af152a9f87fb64623e31d5c83700080ee", size = 236030 },
    { url = "https://files.pythonhosted.org/packages/1f/47/999514fa49cfaf7a92c805a86c3c43f4215621855d151b61c602abb38091/tomli-2.2.1-cp311-cp311-manylinux_2_5_i686.manylinux1_i686.manylinux_2_17_i686.manylinux2014_i686.whl", hash = "sha256:c954d2250168d28797dd4e3ac5cf812a406cd5a92674ee4c8f123c889786aa8e", size = 240898 },
    { url = "https://files.pythonhosted.org/packages/73/41/0a01279a7ae09ee1573b423318e7934674ce06eb33f50936655071d81a24/tomli-2.2.1-cp311-cp311-musllinux_1_2_aarch64.whl", hash = "sha256:8dd28b3e155b80f4d54beb40a441d366adcfe740969820caf156c019fb5c7ec4", size = 229894 },
    { url = "https://files.pythonhosted.org/packages/55/18/5d8bc5b0a0362311ce4d18830a5d28943667599a60d20118074ea1b01bb7/tomli-2.2.1-cp311-cp311-musllinux_1_2_i686.whl", hash = "sha256:e59e304978767a54663af13c07b3d1af22ddee3bb2fb0618ca1593e4f593a106", size = 245319 },
    { url = "https://files.pythonhosted.org/packages/92/a3/7ade0576d17f3cdf5ff44d61390d4b3febb8a9fc2b480c75c47ea048c646/tomli-2.2.1-cp311-cp311-musllinux_1_2_x86_64.whl", hash = "sha256:33580bccab0338d00994d7f16f4c4ec25b776af3ffaac1ed74e0b3fc95e885a8", size = 238273 },
    { url = "https://files.pythonhosted.org/packages/72/6f/fa64ef058ac1446a1e51110c375339b3ec6be245af9d14c87c4a6412dd32/tomli-2.2.1-cp311-cp311-win32.whl", hash = "sha256:465af0e0875402f1d226519c9904f37254b3045fc5084697cefb9bdde1ff99ff", size = 98310 },
    { url = "https://files.pythonhosted.org/packages/6a/1c/4a2dcde4a51b81be3530565e92eda625d94dafb46dbeb15069df4caffc34/tomli-2.2.1-cp311-cp311-win_amd64.whl", hash = "sha256:2d0f2fdd22b02c6d81637a3c95f8cd77f995846af7414c5c4b8d0545afa1bc4b", size = 108309 },
    { url = "https://files.pythonhosted.org/packages/52/e1/f8af4c2fcde17500422858155aeb0d7e93477a0d59a98e56cbfe75070fd0/tomli-2.2.1-cp312-cp312-macosx_10_13_x86_64.whl", hash = "sha256:4a8f6e44de52d5e6c657c9fe83b562f5f4256d8ebbfe4ff922c495620a7f6cea", size = 132762 },
    { url = "https://files.pythonhosted.org/packages/03/b8/152c68bb84fc00396b83e7bbddd5ec0bd3dd409db4195e2a9b3e398ad2e3/tomli-2.2.1-cp312-cp312-macosx_11_0_arm64.whl", hash = "sha256:8d57ca8095a641b8237d5b079147646153d22552f1c637fd3ba7f4b0b29167a8", size = 123453 },
    { url = "https://files.pythonhosted.org/packages/c8/d6/fc9267af9166f79ac528ff7e8c55c8181ded34eb4b0e93daa767b8841573/tomli-2.2.1-cp312-cp312-manylinux_2_17_aarch64.manylinux2014_aarch64.whl", hash = "sha256:4e340144ad7ae1533cb897d406382b4b6fede8890a03738ff1683af800d54192", size = 233486 },
    { url = "https://files.pythonhosted.org/packages/5c/51/51c3f2884d7bab89af25f678447ea7d297b53b5a3b5730a7cb2ef6069f07/tomli-2.2.1-cp312-cp312-manylinux_2_17_x86_64.manylinux2014_x86_64.whl", hash = "sha256:db2b95f9de79181805df90bedc5a5ab4c165e6ec3fe99f970d0e302f384ad222", size = 242349 },
    { url = "https://files.pythonhosted.org/packages/ab/df/bfa89627d13a5cc22402e441e8a931ef2108403db390ff3345c05253935e/tomli-2.2.1-cp312-cp312-manylinux_2_5_i686.manylinux1_i686.manylinux_2_17_i686.manylinux2014_i686.whl", hash = "sha256:40741994320b232529c802f8bc86da4e1aa9f413db394617b9a256ae0f9a7f77", size = 252159 },
    { url = "https://files.pythonhosted.org/packages/9e/6e/fa2b916dced65763a5168c6ccb91066f7639bdc88b48adda990db10c8c0b/tomli-2.2.1-cp312-cp312-musllinux_1_2_aarch64.whl", hash = "sha256:400e720fe168c0f8521520190686ef8ef033fb19fc493da09779e592861b78c6", size = 237243 },
    { url = "https://files.pythonhosted.org/packages/b4/04/885d3b1f650e1153cbb93a6a9782c58a972b94ea4483ae4ac5cedd5e4a09/tomli-2.2.1-cp312-cp312-musllinux_1_2_i686.whl", hash = "sha256:02abe224de6ae62c19f090f68da4e27b10af2b93213d36cf44e6e1c5abd19fdd", size = 259645 },
    { url = "https://files.pythonhosted.org/packages/9c/de/6b432d66e986e501586da298e28ebeefd3edc2c780f3ad73d22566034239/tomli-2.2.1-cp312-cp312-musllinux_1_2_x86_64.whl", hash = "sha256:b82ebccc8c8a36f2094e969560a1b836758481f3dc360ce9a3277c65f374285e", size = 244584 },
    { url = "https://files.pythonhosted.org/packages/1c/9a/47c0449b98e6e7d1be6cbac02f93dd79003234ddc4aaab6ba07a9a7482e2/tomli-2.2.1-cp312-cp312-win32.whl", hash = "sha256:889f80ef92701b9dbb224e49ec87c645ce5df3fa2cc548664eb8a25e03127a98", size = 98875 },
    { url = "https://files.pythonhosted.org/packages/ef/60/9b9638f081c6f1261e2688bd487625cd1e660d0a85bd469e91d8db969734/tomli-2.2.1-cp312-cp312-win_amd64.whl", hash = "sha256:7fc04e92e1d624a4a63c76474610238576942d6b8950a2d7f908a340494e67e4", size = 109418 },
    { url = "https://files.pythonhosted.org/packages/04/90/2ee5f2e0362cb8a0b6499dc44f4d7d48f8fff06d28ba46e6f1eaa61a1388/tomli-2.2.1-cp313-cp313-macosx_10_13_x86_64.whl", hash = "sha256:f4039b9cbc3048b2416cc57ab3bda989a6fcf9b36cf8937f01a6e731b64f80d7", size = 132708 },
    { url = "https://files.pythonhosted.org/packages/c0/ec/46b4108816de6b385141f082ba99e315501ccd0a2ea23db4a100dd3990ea/tomli-2.2.1-cp313-cp313-macosx_11_0_arm64.whl", hash = "sha256:286f0ca2ffeeb5b9bd4fcc8d6c330534323ec51b2f52da063b11c502da16f30c", size = 123582 },
    { url = "https://files.pythonhosted.org/packages/a0/bd/b470466d0137b37b68d24556c38a0cc819e8febe392d5b199dcd7f578365/tomli-2.2.1-cp313-cp313-manylinux_2_17_aarch64.manylinux2014_aarch64.whl", hash = "sha256:a92ef1a44547e894e2a17d24e7557a5e85a9e1d0048b0b5e7541f76c5032cb13", size = 232543 },
    { url = "https://files.pythonhosted.org/packages/d9/e5/82e80ff3b751373f7cead2815bcbe2d51c895b3c990686741a8e56ec42ab/tomli-2.2.1-cp313-cp313-manylinux_2_17_x86_64.manylinux2014_x86_64.whl", hash = "sha256:9316dc65bed1684c9a98ee68759ceaed29d229e985297003e494aa825ebb0281", size = 241691 },
    { url = "https://files.pythonhosted.org/packages/05/7e/2a110bc2713557d6a1bfb06af23dd01e7dde52b6ee7dadc589868f9abfac/tomli-2.2.1-cp313-cp313-manylinux_2_5_i686.manylinux1_i686.manylinux_2_17_i686.manylinux2014_i686.whl", hash = "sha256:e85e99945e688e32d5a35c1ff38ed0b3f41f43fad8df0bdf79f72b2ba7bc5272", size = 251170 },
    { url = "https://files.pythonhosted.org/packages/64/7b/22d713946efe00e0adbcdfd6d1aa119ae03fd0b60ebed51ebb3fa9f5a2e5/tomli-2.2.1-cp313-cp313-musllinux_1_2_aarch64.whl", hash = "sha256:ac065718db92ca818f8d6141b5f66369833d4a80a9d74435a268c52bdfa73140", size = 236530 },
    { url = "https://files.pythonhosted.org/packages/38/31/3a76f67da4b0cf37b742ca76beaf819dca0ebef26d78fc794a576e08accf/tomli-2.2.1-cp313-cp313-musllinux_1_2_i686.whl", hash = "sha256:d920f33822747519673ee656a4b6ac33e382eca9d331c87770faa3eef562aeb2", size = 258666 },
    { url = "https://files.pythonhosted.org/packages/07/10/5af1293da642aded87e8a988753945d0cf7e00a9452d3911dd3bb354c9e2/tomli-2.2.1-cp313-cp313-musllinux_1_2_x86_64.whl", hash = "sha256:a198f10c4d1b1375d7687bc25294306e551bf1abfa4eace6650070a5c1ae2744", size = 243954 },
    { url = "https://files.pythonhosted.org/packages/5b/b9/1ed31d167be802da0fc95020d04cd27b7d7065cc6fbefdd2f9186f60d7bd/tomli-2.2.1-cp313-cp313-win32.whl", hash = "sha256:d3f5614314d758649ab2ab3a62d4f2004c825922f9e370b29416484086b264ec", size = 98724 },
    { url = "https://files.pythonhosted.org/packages/c7/32/b0963458706accd9afcfeb867c0f9175a741bf7b19cd424230714d722198/tomli-2.2.1-cp313-cp313-win_amd64.whl", hash = "sha256:a38aa0308e754b0e3c67e344754dff64999ff9b513e691d0e786265c93583c69", size = 109383 },
    { url = "https://files.pythonhosted.org/packages/6e/c2/61d3e0f47e2b74ef40a68b9e6ad5984f6241a942f7cd3bbfbdbd03861ea9/tomli-2.2.1-py3-none-any.whl", hash = "sha256:cb55c73c5f4408779d0cf3eef9f762b9c9f147a77de7b258bef0a5628adc85cc", size = 14257 },
]

[[package]]
name = "types-awscrt"
version = "0.23.6"
source = { editable = "." }

[package.dev-dependencies]
dev = [
    { name = "awscrt" },
    { name = "istub" },
    { name = "mypy" },
    { name = "pyright" },
    { name = "setuptools", version = "75.3.0", source = { registry = "https://pypi.org/simple" }, marker = "python_full_version < '3.9'" },
    { name = "setuptools", version = "75.6.0", source = { registry = "https://pypi.org/simple" }, marker = "python_full_version >= '3.9'" },
]

[package.metadata]

[package.metadata.requires-dev]
dev = [
    { name = "awscrt" },
    { name = "istub" },
    { name = "mypy" },
    { name = "pyright" },
    { name = "setuptools" },
]

[[package]]
name = "typing-extensions"
version = "4.12.2"
source = { registry = "https://pypi.org/simple" }
sdist = { url = "https://files.pythonhosted.org/packages/df/db/f35a00659bc03fec321ba8bce9420de607a1d37f8342eee1863174c69557/typing_extensions-4.12.2.tar.gz", hash = "sha256:1a7ead55c7e559dd4dee8856e3a88b41225abfe1ce8df57b7c13915fe121ffb8", size = 85321 }
wheels = [
    { url = "https://files.pythonhosted.org/packages/26/9f/ad63fc0248c5379346306f8668cda6e2e2e9c95e01216d2b8ffd9ff037d0/typing_extensions-4.12.2-py3-none-any.whl", hash = "sha256:04e5ca0351e0f3f85c6853954072df659d0d13fac324d0072316b67d7794700d", size = 37438 },
]
